<?xml version="1.0" encoding="utf-8"?>
<Project ToolsVersion="4.0" xmlns="http://schemas.microsoft.com/developer/msbuild/2003">
  <ItemGroup>
    <Filter Include="Source Files">
      <UniqueIdentifier>{4FC737F1-C7A5-4376-A066-2A32D752A2FF}</UniqueIdentifier>
      <Extensions>cpp;c;cc;cxx;c++;cppm;ixx;def;odl;idl;hpj;bat;asm;asmx</Extensions>
    </Filter>
    <Filter Include="Header Files">
      <UniqueIdentifier>{93995380-89BD-4b04-88EB-625FBE52EBFB}</UniqueIdentifier>
      <Extensions>h;hh;hpp;hxx;h++;hm;inl;inc;ipp;xsd</Extensions>
    </Filter>
    <Filter Include="Resource Files">
      <UniqueIdentifier>{67DA6AB6-F800-4c08-8B7A-83BB121AAD01}</UniqueIdentifier>
      <Extensions>rc;ico;cur;bmp;dlg;rc2;rct;bin;rgs;gif;jpg;jpeg;jpe;resx;tiff;tif;png;wav;mfcribbon-ms</Extensions>
    </Filter>
  </ItemGroup>
  <ItemGroup>
    <ClInclude Include="NetworkCard.h">
      <Filter>Header Files</Filter>
    </ClInclude>
    <ClInclude Include="StorageDevice.h">
      <Filter>Header Files</Filter>
    </ClInclude>
    <ClInclude Include="PowerSupply.h">
      <Filter>Header Files</Filter>
    </ClInclude>
    <ClInclude Include="ComputerAssembly.h">
      <Filter>Header Files</Filter>
    </ClInclude>
    <ClInclude Include="Computer.h">
      <Filter>Header Files</Filter>
    </ClInclude>
    <ClInclude Include="CPU.h">
      <Filter>Header Files</Filter>
    </ClInclude>
    <ClInclude Include="ALU.h">
      <Filter>Header Files</Filter>
    </ClInclude>
    <ClInclude Include="ControlUnit.h">
      <Filter>Header Files</Filter>
    </ClInclude>
    <ClInclude Include="GPU.h">
      <Filter>Header Files</Filter>
    </ClInclude>
    <ClInclude Include="Case.h">
      <Filter>Header Files</Filter>
    </ClInclude>
    <ClInclude Include="MainMemory.h">
      <Filter>Header Files</Filter>
    </ClInclude>
    <ClInclude Include="MotherBoard.h">
      <Filter>Header Files</Filter>
    </ClInclude>
    <ClInclude Include="Port.h">
      <Filter>Header Files</Filter>
    </ClInclude>
    <ClInclude Include="PhysicalMemory.h">
      <Filter>Header Files</Filter>
    </ClInclude>
    <ClInclude Include="AppleSilicon.h">
      <Filter>Header Files</Filter>
    </ClInclude>
    <ClInclude Include="Intel.h">
      <Filter>Header Files</Filter>
    </ClInclude>
    <ClInclude Include="AppleMotherBoard.h">
      <Filter>Header Files</Filter>
    </ClInclude>
    <ClInclude Include="PCMotherBoard.h">
      <Filter>Header Files</Filter>
    </ClInclude>
    <ClInclude Include="Battery.h">
      <Filter>Header Files</Filter>
    </ClInclude>
    <ClInclude Include="PCDesktop.h">
      <Filter>Header Files</Filter>
    </ClInclude>
    <ClInclude Include="PCLaptop.h">
      <Filter>Header Files</Filter>
    </ClInclude>
    <ClInclude Include="PCTablet.h">
      <Filter>Header Files</Filter>
    </ClInclude>
    <ClInclude Include="MacDesktop.h">
      <Filter>Header Files</Filter>
    </ClInclude>
    <ClInclude Include="MacLaptop.h">
      <Filter>Header Files</Filter>
    </ClInclude>
    <ClInclude Include="iPad.h">
      <Filter>Header Files</Filter>
    </ClInclude>
    <ClInclude Include="PCAssembly.h">
      <Filter>Header Files</Filter>
    </ClInclude>
    <ClInclude Include="MacAssembly.h">
      <Filter>Header Files</Filter>
    </ClInclude>
  </ItemGroup>
  <ItemGroup>
    <ClCompile Include="NetworkCard.cpp">
      <Filter>Source Files</Filter>
    </ClCompile>
    <ClCompile Include="StorageDevice.cpp">
      <Filter>Source Files</Filter>
    </ClCompile>
    <ClCompile Include="PowerSupply.cpp">
      <Filter>Source Files</Filter>
    </ClCompile>
    <ClCompile Include="ComputerAssembly.cpp">
      <Filter>Source Files</Filter>
    </ClCompile>
    <ClCompile Include="Main.cpp">
      <Filter>Source Files</Filter>
    </ClCompile>
    <ClCompile Include="Computer.cpp">
      <Filter>Source Files</Filter>
    </ClCompile>
    <ClCompile Include="CPU.cpp">
      <Filter>Source Files</Filter>
    </ClCompile>
    <ClCompile Include="ALU.cpp">
      <Filter>Source Files</Filter>
    </ClCompile>
    <ClCompile Include="ControlUnit.cpp">
      <Filter>Source Files</Filter>
    </ClCompile>
    <ClCompile Include="GPU.cpp">
      <Filter>Source Files</Filter>
    </ClCompile>
    <ClCompile Include="Case.cpp">
      <Filter>Source Files</Filter>
    </ClCompile>
    <ClCompile Include="MainMemory.cpp">
      <Filter>Source Files</Filter>
    </ClCompile>
    <ClCompile Include="MotherBoard.cpp">
      <Filter>Source Files</Filter>
    </ClCompile>
    <ClCompile Include="Port.cpp">
      <Filter>Source Files</Filter>
    </ClCompile>
    <ClCompile Include="PhysicalMemory.cpp">
      <Filter>Source Files</Filter>
    </ClCompile>
    <ClCompile Include="AppleSilicon.cpp">
      <Filter>Source Files</Filter>
    </ClCompile>
    <ClCompile Include="Intel.cpp">
      <Filter>Source Files</Filter>
    </ClCompile>
    <ClCompile Include="AppleMotherBoard.cpp">
      <Filter>Source Files</Filter>
    </ClCompile>
    <ClCompile Include="PCMotherBoard.cpp">
      <Filter>Source Files</Filter>
    </ClCompile>
    <ClCompile Include="Battery.cpp">
      <Filter>Source Files</Filter>
    </ClCompile>
    <ClCompile Include="PCDesktop.cpp">
      <Filter>Source Files</Filter>
    </ClCompile>
    <ClCompile Include="PCLaptop.cpp">
      <Filter>Source Files</Filter>
    </ClCompile>
    <ClCompile Include="PCTablet.cpp">
      <Filter>Source Files</Filter>
    </ClCompile>
    <ClCompile Include="MacDesktop.cpp">
      <Filter>Source Files</Filter>
    </ClCompile>
    <ClCompile Include="MacLaptop.cpp">
      <Filter>Source Files</Filter>
    </ClCompile>
    <ClCompile Include="iPad.cpp">
      <Filter>Source Files</Filter>
    </ClCompile>
    <ClCompile Include="PCAssembly.cpp">
      <Filter>Source Files</Filter>
    </ClCompile>
    <ClCompile Include="MacAssembly.cpp">
      <Filter>Source Files</Filter>
    </ClCompile>
  </ItemGroup>
</Project>